
Microsoft Visual Studio Solution File, Format Version 12.00
# Visual Studio Version 17
VisualStudioVersion = 17.5.33627.172
MinimumVisualStudioVersion = 10.0.40219.1
Project("{FAE04EC0-301F-11D3-BF4B-00C04F79EFBC}") = "InterfaceInheritance", "InterfaceInheritance\InterfaceInheritance.csproj", "{FF61F0B1-2AE1-490F-BC4A-9A3FD56480FF}"
EndProject
Global
	GlobalSection(SolutionConfigurationPlatforms) = preSolution
		Debug|Any CPU = Debug|Any CPU
		Release|Any CPU = Release|Any CPU
	EndGlobalSection
	GlobalSection(ProjectConfigurationPlatforms) = postSolution
		{FF61F0B1-2AE1-490F-BC4A-9A3FD56480FF}.Debug|Any CPU.ActiveCfg = Debug|Any CPU
		{FF61F0B1-2AE1-490F-BC4A-9A3FD56480FF}.Debug|Any CPU.Build.0 = Debug|Any CPU
		{FF61F0B1-2AE1-490F-BC4A-9A3FD56480FF}.Release|Any CPU.ActiveCfg = Release|Any CPU
		{FF61F0B1-2AE1-490F-BC4A-9A3FD56480FF}.Release|Any CPU.Build.0 = Release|Any CPU
	EndGlobalSection
	GlobalSection(SolutionProperties) = preSolution
		HideSolutionNode = FALSE
	EndGlobalSection
	GlobalSection(ExtensibilityGlobals) = postSolution
		SolutionGuid = {CF420B55-D1C8-41BA-95CD-2D2B8AD6F003}
	EndGlobalSection
EndGlobal
